
Microsoft Visual Studio Solution File, Format Version 12.00
Project("{FAE04EC0-301F-11D3-BF4B-00C04F79EFBC}") = "Task9", "Task9\Task9.csproj", "{C30F816A-8909-4E99-ADA4-33BC3BFDBDD0}"
EndProject
Global
	GlobalSection(SolutionConfigurationPlatforms) = preSolution
		Debug|Any CPU = Debug|Any CPU
		Release|Any CPU = Release|Any CPU
	EndGlobalSection
	GlobalSection(ProjectConfigurationPlatforms) = postSolution
		{C30F816A-8909-4E99-ADA4-33BC3BFDBDD0}.Debug|Any CPU.ActiveCfg = Debug|Any CPU
		{C30F816A-8909-4E99-ADA4-33BC3BFDBDD0}.Debug|Any CPU.Build.0 = Debug|Any CPU
		{C30F816A-8909-4E99-ADA4-33BC3BFDBDD0}.Release|Any CPU.ActiveCfg = Release|Any CPU
		{C30F816A-8909-4E99-ADA4-33BC3BFDBDD0}.Release|Any CPU.Build.0 = Release|Any CPU
	EndGlobalSection
EndGlobal
